// !$*UTF8*$!
{
	archiveVersion = 1;
	classes = {
	};
	objectVersion = 56;
	objects = {

/* Begin PBXBuildFile section */
		1806F3A22A509FB7004F1D7D /* LoaderUI in Frameworks */ = {isa = PBXBuildFile; productRef = 1806F3A12A509FB7004F1D7D /* LoaderUI */; };
		1890C5302A44B0B60009701A /* CharactersViewErrorAlert.swift in Sources */ = {isa = PBXBuildFile; fileRef = 1890C52F2A44B0B60009701A /* CharactersViewErrorAlert.swift */; };
		1890C5322A44BBFC0009701A /* NetworkInteractor.swift in Sources */ = {isa = PBXBuildFile; fileRef = 1890C5312A44BBFC0009701A /* NetworkInteractor.swift */; };
		18C2E57A2A39BF7B00B6E687 /* MVVMUIAsyncAwaitApp.swift in Sources */ = {isa = PBXBuildFile; fileRef = 18C2E5792A39BF7B00B6E687 /* MVVMUIAsyncAwaitApp.swift */; };
		18C2E57C2A39BF7B00B6E687 /* RootView.swift in Sources */ = {isa = PBXBuildFile; fileRef = 18C2E57B2A39BF7B00B6E687 /* RootView.swift */; };
		18C2E57E2A39BF7C00B6E687 /* Assets.xcassets in Resources */ = {isa = PBXBuildFile; fileRef = 18C2E57D2A39BF7C00B6E687 /* Assets.xcassets */; };
		18C2E5812A39BF7C00B6E687 /* Preview Assets.xcassets in Resources */ = {isa = PBXBuildFile; fileRef = 18C2E5802A39BF7C00B6E687 /* Preview Assets.xcassets */; };
		18DAC7312A3CDC0D00BEAE30 /* CharactersModel.swift in Sources */ = {isa = PBXBuildFile; fileRef = 18DAC7302A3CDC0D00BEAE30 /* CharactersModel.swift */; };
		18DAC7332A3CDC5800BEAE30 /* CharactersView.swift in Sources */ = {isa = PBXBuildFile; fileRef = 18DAC7322A3CDC5700BEAE30 /* CharactersView.swift */; };
		18DAC7352A3CDC8C00BEAE30 /* CharactersViewModel.swift in Sources */ = {isa = PBXBuildFile; fileRef = 18DAC7342A3CDC8C00BEAE30 /* CharactersViewModel.swift */; };
		18F6F2812A3CDDA20049D8FD /* DetailsView.swift in Sources */ = {isa = PBXBuildFile; fileRef = 18F6F2802A3CDDA20049D8FD /* DetailsView.swift */; };
		18F6F2862A3CE0530049D8FD /* NetworkManager.swift in Sources */ = {isa = PBXBuildFile; fileRef = 18F6F2852A3CE0530049D8FD /* NetworkManager.swift */; };
/* End PBXBuildFile section */

/* Begin PBXFileReference section */
		1890C52F2A44B0B60009701A /* CharactersViewErrorAlert.swift */ = {isa = PBXFileReference; lastKnownFileType = sourcecode.swift; path = CharactersViewErrorAlert.swift; sourceTree = "<group>"; };
		1890C5312A44BBFC0009701A /* NetworkInteractor.swift */ = {isa = PBXFileReference; lastKnownFileType = sourcecode.swift; path = NetworkInteractor.swift; sourceTree = "<group>"; };
		18C2E5762A39BF7B00B6E687 /* MVVMRickAndMorty.app */ = {isa = PBXFileReference; explicitFileType = wrapper.application; includeInIndex = 0; path = MVVMRickAndMorty.app; sourceTree = BUILT_PRODUCTS_DIR; };
		18C2E5792A39BF7B00B6E687 /* MVVMUIAsyncAwaitApp.swift */ = {isa = PBXFileReference; lastKnownFileType = sourcecode.swift; path = MVVMUIAsyncAwaitApp.swift; sourceTree = "<group>"; };
		18C2E57B2A39BF7B00B6E687 /* RootView.swift */ = {isa = PBXFileReference; lastKnownFileType = sourcecode.swift; path = RootView.swift; sourceTree = "<group>"; };
		18C2E57D2A39BF7C00B6E687 /* Assets.xcassets */ = {isa = PBXFileReference; lastKnownFileType = folder.assetcatalog; path = Assets.xcassets; sourceTree = "<group>"; };
		18C2E5802A39BF7C00B6E687 /* Preview Assets.xcassets */ = {isa = PBXFileReference; lastKnownFileType = folder.assetcatalog; path = "Preview Assets.xcassets"; sourceTree = "<group>"; };
		18DAC7302A3CDC0D00BEAE30 /* CharactersModel.swift */ = {isa = PBXFileReference; lastKnownFileType = sourcecode.swift; path = CharactersModel.swift; sourceTree = "<group>"; };
		18DAC7322A3CDC5700BEAE30 /* CharactersView.swift */ = {isa = PBXFileReference; lastKnownFileType = sourcecode.swift; path = CharactersView.swift; sourceTree = "<group>"; };
		18DAC7342A3CDC8C00BEAE30 /* CharactersViewModel.swift */ = {isa = PBXFileReference; lastKnownFileType = sourcecode.swift; path = CharactersViewModel.swift; sourceTree = "<group>"; };
		18F6F2802A3CDDA20049D8FD /* DetailsView.swift */ = {isa = PBXFileReference; lastKnownFileType = sourcecode.swift; path = DetailsView.swift; sourceTree = "<group>"; };
		18F6F2852A3CE0530049D8FD /* NetworkManager.swift */ = {isa = PBXFileReference; lastKnownFileType = sourcecode.swift; path = NetworkManager.swift; sourceTree = "<group>"; };
/* End PBXFileReference section */

/* Begin PBXFrameworksBuildPhase section */
		18C2E5732A39BF7B00B6E687 /* Frameworks */ = {
			isa = PBXFrameworksBuildPhase;
			buildActionMask = 2147483647;
			files = (
				1806F3A22A509FB7004F1D7D /* LoaderUI in Frameworks */,
			);
			runOnlyForDeploymentPostprocessing = 0;
		};
/* End PBXFrameworksBuildPhase section */

/* Begin PBXGroup section */
		18C2E56D2A39BF7B00B6E687 = {
			isa = PBXGroup;
			children = (
				18C2E5782A39BF7B00B6E687 /* MVVMRickAndMorty */,
				18C2E5772A39BF7B00B6E687 /* Products */,
			);
			sourceTree = "<group>";
		};
		18C2E5772A39BF7B00B6E687 /* Products */ = {
			isa = PBXGroup;
			children = (
				18C2E5762A39BF7B00B6E687 /* MVVMRickAndMorty.app */,
			);
			name = Products;
			sourceTree = "<group>";
		};
		18C2E5782A39BF7B00B6E687 /* MVVMRickAndMorty */ = {
			isa = PBXGroup;
			children = (
				18F6F2842A3CE0310049D8FD /* Networking */,
				18C2E5792A39BF7B00B6E687 /* MVVMUIAsyncAwaitApp.swift */,
				18DAC72D2A3CDA9900BEAE30 /* Scenes */,
				18DAC72F2A3CDABC00BEAE30 /* Models */,
				18C2E57D2A39BF7C00B6E687 /* Assets.xcassets */,
				18C2E57F2A39BF7C00B6E687 /* Preview Content */,
			);
			path = MVVMRickAndMorty;
			sourceTree = "<group>";
		};
		18C2E57F2A39BF7C00B6E687 /* Preview Content */ = {
			isa = PBXGroup;
			children = (
				18C2E5802A39BF7C00B6E687 /* Preview Assets.xcassets */,
			);
			path = "Preview Content";
			sourceTree = "<group>";
		};
		18DAC72D2A3CDA9900BEAE30 /* Scenes */ = {
			isa = PBXGroup;
			children = (
				18C2E57B2A39BF7B00B6E687 /* RootView.swift */,
				18DAC72E2A3CDAA900BEAE30 /* CharactersView */,
			);
			path = Scenes;
			sourceTree = "<group>";
		};
		18DAC72E2A3CDAA900BEAE30 /* CharactersView */ = {
			isa = PBXGroup;
			children = (
				18DAC7322A3CDC5700BEAE30 /* CharactersView.swift */,
				18DAC7342A3CDC8C00BEAE30 /* CharactersViewModel.swift */,
				1890C52F2A44B0B60009701A /* CharactersViewErrorAlert.swift */,
				18DAC7362A3CDD2F00BEAE30 /* CharacterDetailsView */,
			);
			path = CharactersView;
			sourceTree = "<group>";
		};
		18DAC72F2A3CDABC00BEAE30 /* Models */ = {
			isa = PBXGroup;
			children = (
				18DAC7302A3CDC0D00BEAE30 /* CharactersModel.swift */,
			);
			path = Models;
			sourceTree = "<group>";
		};
		18DAC7362A3CDD2F00BEAE30 /* CharacterDetailsView */ = {
			isa = PBXGroup;
			children = (
				18F6F2802A3CDDA20049D8FD /* DetailsView.swift */,
			);
			path = CharacterDetailsView;
			sourceTree = "<group>";
		};
		18F6F2842A3CE0310049D8FD /* Networking */ = {
			isa = PBXGroup;
			children = (
				18F6F2852A3CE0530049D8FD /* NetworkManager.swift */,
				1890C5312A44BBFC0009701A /* NetworkInteractor.swift */,
			);
			path = Networking;
			sourceTree = "<group>";
		};
/* End PBXGroup section */

/* Begin PBXNativeTarget section */
		18C2E5752A39BF7B00B6E687 /* MVVMRickAndMorty */ = {
			isa = PBXNativeTarget;
			buildConfigurationList = 18C2E5842A39BF7C00B6E687 /* Build configuration list for PBXNativeTarget "MVVMRickAndMorty" */;
			buildPhases = (
				18C2E5722A39BF7B00B6E687 /* Sources */,
				18C2E5732A39BF7B00B6E687 /* Frameworks */,
				18C2E5742A39BF7B00B6E687 /* Resources */,
			);
			buildRules = (
			);
			dependencies = (
			);
			name = MVVMRickAndMorty;
			packageProductDependencies = (
				1806F3A12A509FB7004F1D7D /* LoaderUI */,
			);
			productName = MVVMUIAsyncAwait;
			productReference = 18C2E5762A39BF7B00B6E687 /* MVVMRickAndMorty.app */;
			productType = "com.apple.product-type.application";
		};
/* End PBXNativeTarget section */

/* Begin PBXProject section */
		18C2E56E2A39BF7B00B6E687 /* Project object */ = {
			isa = PBXProject;
			attributes = {
				BuildIndependentTargetsInParallel = 1;
				LastSwiftUpdateCheck = 1430;
				LastUpgradeCheck = 1430;
				TargetAttributes = {
					18C2E5752A39BF7B00B6E687 = {
						CreatedOnToolsVersion = 14.3.1;
					};
				};
			};
			buildConfigurationList = 18C2E5712A39BF7B00B6E687 /* Build configuration list for PBXProject "MVVMRickAndMorty" */;
			compatibilityVersion = "Xcode 14.0";
			developmentRegion = en;
			hasScannedForEncodings = 0;
			knownRegions = (
				en,
				Base,
			);
			mainGroup = 18C2E56D2A39BF7B00B6E687;
			packageReferences = (
				1806F3A02A509FB7004F1D7D /* XCRemoteSwiftPackageReference "LoaderUI" */,
			);
			productRefGroup = 18C2E5772A39BF7B00B6E687 /* Products */;
			projectDirPath = "";
			projectRoot = "";
			targets = (
				18C2E5752A39BF7B00B6E687 /* MVVMRickAndMorty */,
			);
		};
/* End PBXProject section */

/* Begin PBXResourcesBuildPhase section */
		18C2E5742A39BF7B00B6E687 /* Resources */ = {
			isa = PBXResourcesBuildPhase;
			buildActionMask = 2147483647;
			files = (
				18C2E5812A39BF7C00B6E687 /* Preview Assets.xcassets in Resources */,
				18C2E57E2A39BF7C00B6E687 /* Assets.xcassets in Resources */,
			);
			runOnlyForDeploymentPostprocessing = 0;
		};
/* End PBXResourcesBuildPhase section */

/* Begin PBXSourcesBuildPhase section */
		18C2E5722A39BF7B00B6E687 /* Sources */ = {
			isa = PBXSourcesBuildPhase;
			buildActionMask = 2147483647;
			files = (
				18DAC7312A3CDC0D00BEAE30 /* CharactersModel.swift in Sources */,
				1890C5322A44BBFC0009701A /* NetworkInteractor.swift in Sources */,
				18C2E57C2A39BF7B00B6E687 /* RootView.swift in Sources */,
				18DAC7332A3CDC5800BEAE30 /* CharactersView.swift in Sources */,
				18F6F2862A3CE0530049D8FD /* NetworkManager.swift in Sources */,
				18C2E57A2A39BF7B00B6E687 /* MVVMUIAsyncAwaitApp.swift in Sources */,
				18DAC7352A3CDC8C00BEAE30 /* CharactersViewModel.swift in Sources */,
				1890C5302A44B0B60009701A /* CharactersViewErrorAlert.swift in Sources */,
				18F6F2812A3CDDA20049D8FD /* DetailsView.swift in Sources */,
			);
			runOnlyForDeploymentPostprocessing = 0;
		};
/* End PBXSourcesBuildPhase section */

/* Begin XCBuildConfiguration section */
		18C2E5822A39BF7C00B6E687 /* Debug */ = {
			isa = XCBuildConfiguration;
			buildSettings = {
				ALWAYS_SEARCH_USER_PATHS = NO;
				CLANG_ANALYZER_NONNULL = YES;
				CLANG_ANALYZER_NUMBER_OBJECT_CONVERSION = YES_AGGRESSIVE;
				CLANG_CXX_LANGUAGE_STANDARD = "gnu++20";
				CLANG_ENABLE_MODULES = YES;
				CLANG_ENABLE_OBJC_ARC = YES;
				CLANG_ENABLE_OBJC_WEAK = YES;
				CLANG_WARN_BLOCK_CAPTURE_AUTORELEASING = YES;
				CLANG_WARN_BOOL_CONVERSION = YES;
				CLANG_WARN_COMMA = YES;
				CLANG_WARN_CONSTANT_CONVERSION = YES;
				CLANG_WARN_DEPRECATED_OBJC_IMPLEMENTATIONS = YES;
				CLANG_WARN_DIRECT_OBJC_ISA_USAGE = YES_ERROR;
				CLANG_WARN_DOCUMENTATION_COMMENTS = YES;
				CLANG_WARN_EMPTY_BODY = YES;
				CLANG_WARN_ENUM_CONVERSION = YES;
				CLANG_WARN_INFINITE_RECURSION = YES;
				CLANG_WARN_INT_CONVERSION = YES;
				CLANG_WARN_NON_LITERAL_NULL_CONVERSION = YES;
				CLANG_WARN_OBJC_IMPLICIT_RETAIN_SELF = YES;
				CLANG_WARN_OBJC_LITERAL_CONVERSION = YES;
				CLANG_WARN_OBJC_ROOT_CLASS = YES_ERROR;
				CLANG_WARN_QUOTED_INCLUDE_IN_FRAMEWORK_HEADER = YES;
				CLANG_WARN_RANGE_LOOP_ANALYSIS = YES;
				CLANG_WARN_STRICT_PROTOTYPES = YES;
				CLANG_WARN_SUSPICIOUS_MOVE = YES;
				CLANG_WARN_UNGUARDED_AVAILABILITY = YES_AGGRESSIVE;
				CLANG_WARN_UNREACHABLE_CODE = YES;
				CLANG_WARN__DUPLICATE_METHOD_MATCH = YES;
				COPY_PHASE_STRIP = NO;
				DEBUG_INFORMATION_FORMAT = dwarf;
				ENABLE_STRICT_OBJC_MSGSEND = YES;
				ENABLE_TESTABILITY = YES;
				GCC_C_LANGUAGE_STANDARD = gnu11;
				GCC_DYNAMIC_NO_PIC = NO;
				GCC_NO_COMMON_BLOCKS = YES;
				GCC_OPTIMIZATION_LEVEL = 0;
				GCC_PREPROCESSOR_DEFINITIONS = (
					"DEBUG=1",
					"$(inherited)",
				);
				GCC_WARN_64_TO_32_BIT_CONVERSION = YES;
				GCC_WARN_ABOUT_RETURN_TYPE = YES_ERROR;
				GCC_WARN_UNDECLARED_SELECTOR = YES;
				GCC_WARN_UNINITIALIZED_AUTOS = YES_AGGRESSIVE;
				GCC_WARN_UNUSED_FUNCTION = YES;
				GCC_WARN_UNUSED_VARIABLE = YES;
				IPHONEOS_DEPLOYMENT_TARGET = 16.4;
				MTL_ENABLE_DEBUG_INFO = INCLUDE_SOURCE;
				MTL_FAST_MATH = YES;
				ONLY_ACTIVE_ARCH = YES;
				SDKROOT = iphoneos;
				SWIFT_ACTIVE_COMPILATION_CONDITIONS = DEBUG;
				SWIFT_OPTIMIZATION_LEVEL = "-Onone";
			};
			name = Debug;
		};
		18C2E5832A39BF7C00B6E687 /* Release */ = {
			isa = XCBuildConfiguration;
			buildSettings = {
				ALWAYS_SEARCH_USER_PATHS = NO;
				CLANG_ANALYZER_NONNULL = YES;
				CLANG_ANALYZER_NUMBER_OBJECT_CONVERSION = YES_AGGRESSIVE;
				CLANG_CXX_LANGUAGE_STANDARD = "gnu++20";
				CLANG_ENABLE_MODULES = YES;
				CLANG_ENABLE_OBJC_ARC = YES;
				CLANG_ENABLE_OBJC_WEAK = YES;
				CLANG_WARN_BLOCK_CAPTURE_AUTORELEASING = YES;
				CLANG_WARN_BOOL_CONVERSION = YES;
				CLANG_WARN_COMMA = YES;
				CLANG_WARN_CONSTANT_CONVERSION = YES;
				CLANG_WARN_DEPRECATED_OBJC_IMPLEMENTATIONS = YES;
				CLANG_WARN_DIRECT_OBJC_ISA_USAGE = YES_ERROR;
				CLANG_WARN_DOCUMENTATION_COMMENTS = YES;
				CLANG_WARN_EMPTY_BODY = YES;
				CLANG_WARN_ENUM_CONVERSION = YES;
				CLANG_WARN_INFINITE_RECURSION = YES;
				CLANG_WARN_INT_CONVERSION = YES;
				CLANG_WARN_NON_LITERAL_NULL_CONVERSION = YES;
				CLANG_WARN_OBJC_IMPLICIT_RETAIN_SELF = YES;
				CLANG_WARN_OBJC_LITERAL_CONVERSION = YES;
				CLANG_WARN_OBJC_ROOT_CLASS = YES_ERROR;
				CLANG_WARN_QUOTED_INCLUDE_IN_FRAMEWORK_HEADER = YES;
				CLANG_WARN_RANGE_LOOP_ANALYSIS = YES;
				CLANG_WARN_STRICT_PROTOTYPES = YES;
				CLANG_WARN_SUSPICIOUS_MOVE = YES;
				CLANG_WARN_UNGUARDED_AVAILABILITY = YES_AGGRESSIVE;
				CLANG_WARN_UNREACHABLE_CODE = YES;
				CLANG_WARN__DUPLICATE_METHOD_MATCH = YES;
				COPY_PHASE_STRIP = NO;
				DEBUG_INFORMATION_FORMAT = "dwarf-with-dsym";
				ENABLE_NS_ASSERTIONS = NO;
				ENABLE_STRICT_OBJC_MSGSEND = YES;
				GCC_C_LANGUAGE_STANDARD = gnu11;
				GCC_NO_COMMON_BLOCKS = YES;
				GCC_WARN_64_TO_32_BIT_CONVERSION = YES;
				GCC_WARN_ABOUT_RETURN_TYPE = YES_ERROR;
				GCC_WARN_UNDECLARED_SELECTOR = YES;
				GCC_WARN_UNINITIALIZED_AUTOS = YES_AGGRESSIVE;
				GCC_WARN_UNUSED_FUNCTION = YES;
				GCC_WARN_UNUSED_VARIABLE = YES;
				IPHONEOS_DEPLOYMENT_TARGET = 16.4;
				MTL_ENABLE_DEBUG_INFO = NO;
				MTL_FAST_MATH = YES;
				SDKROOT = iphoneos;
				SWIFT_COMPILATION_MODE = wholemodule;
				SWIFT_OPTIMIZATION_LEVEL = "-O";
				VALIDATE_PRODUCT = YES;
			};
			name = Release;
		};
		18C2E5852A39BF7C00B6E687 /* Debug */ = {
			isa = XCBuildConfiguration;
			buildSettings = {
				ASSETCATALOG_COMPILER_APPICON_NAME = AppIcon;
				ASSETCATALOG_COMPILER_GLOBAL_ACCENT_COLOR_NAME = AccentColor;
				CODE_SIGN_STYLE = Automatic;
				CURRENT_PROJECT_VERSION = 1;
				DEVELOPMENT_ASSET_PATHS = "\"MVVMRickAndMorty/Preview Content\"";
				DEVELOPMENT_TEAM = 4X4DPUCB9C;
				ENABLE_PREVIEWS = YES;
				GENERATE_INFOPLIST_FILE = YES;
				INFOPLIST_KEY_UIApplicationSceneManifest_Generation = YES;
				INFOPLIST_KEY_UIApplicationSupportsIndirectInputEvents = YES;
				INFOPLIST_KEY_UILaunchScreen_Generation = YES;
				INFOPLIST_KEY_UISupportedInterfaceOrientations_iPad = "UIInterfaceOrientationPortrait UIInterfaceOrientationPortraitUpsideDown UIInterfaceOrientationLandscapeLeft UIInterfaceOrientationLandscapeRight";
				INFOPLIST_KEY_UISupportedInterfaceOrientations_iPhone = "UIInterfaceOrientationPortrait UIInterfaceOrientationLandscapeLeft UIInterfaceOrientationLandscapeRight";
				LD_RUNPATH_SEARCH_PATHS = (
					"$(inherited)",
					"@executable_path/Frameworks",
				);
				MARKETING_VERSION = 1.0;
				PRODUCT_BUNDLE_IDENTIFIER = ru.MVVMUIAsyncAwait;
				PRODUCT_NAME = "$(TARGET_NAME)";
				SWIFT_EMIT_LOC_STRINGS = YES;
				SWIFT_VERSION = 5.0;
				TARGETED_DEVICE_FAMILY = "1,2";
			};
			name = Debug;
		};
		18C2E5862A39BF7C00B6E687 /* Release */ = {
			isa = XCBuildConfiguration;
			buildSettings = {
				ASSETCATALOG_COMPILER_APPICON_NAME = AppIcon;
				ASSETCATALOG_COMPILER_GLOBAL_ACCENT_COLOR_NAME = AccentColor;
				CODE_SIGN_STYLE = Automatic;
				CURRENT_PROJECT_VERSION = 1;
				DEVELOPMENT_ASSET_PATHS = "\"MVVMRickAndMorty/Preview Content\"";
				DEVELOPMENT_TEAM = 4X4DPUCB9C;
				ENABLE_PREVIEWS = YES;
				GENERATE_INFOPLIST_FILE = YES;
				INFOPLIST_KEY_UIApplicationSceneManifest_Generation = YES;
				INFOPLIST_KEY_UIApplicationSupportsIndirectInputEvents = YES;
				INFOPLIST_KEY_UILaunchScreen_Generation = YES;
				INFOPLIST_KEY_UISupportedInterfaceOrientations_iPad = "UIInterfaceOrientationPortrait UIInterfaceOrientationPortraitUpsideDown UIInterfaceOrientationLandscapeLeft UIInterfaceOrientationLandscapeRight";
				INFOPLIST_KEY_UISupportedInterfaceOrientations_iPhone = "UIInterfaceOrientationPortrait UIInterfaceOrientationLandscapeLeft UIInterfaceOrientationLandscapeRight";
				LD_RUNPATH_SEARCH_PATHS = (
					"$(inherited)",
					"@executable_path/Frameworks",
				);
				MARKETING_VERSION = 1.0;
				PRODUCT_BUNDLE_IDENTIFIER = ru.MVVMUIAsyncAwait;
				PRODUCT_NAME = "$(TARGET_NAME)";
				SWIFT_EMIT_LOC_STRINGS = YES;
				SWIFT_VERSION = 5.0;
				TARGETED_DEVICE_FAMILY = "1,2";
			};
			name = Release;
		};
/* End XCBuildConfiguration section */

/* Begin XCConfigurationList section */
		18C2E5712A39BF7B00B6E687 /* Build configuration list for PBXProject "MVVMRickAndMorty" */ = {
			isa = XCConfigurationList;
			buildConfigurations = (
				18C2E5822A39BF7C00B6E687 /* Debug */,
				18C2E5832A39BF7C00B6E687 /* Release */,
			);
			defaultConfigurationIsVisible = 0;
			defaultConfigurationName = Release;
		};
		18C2E5842A39BF7C00B6E687 /* Build configuration list for PBXNativeTarget "MVVMRickAndMorty" */ = {
			isa = XCConfigurationList;
			buildConfigurations = (
				18C2E5852A39BF7C00B6E687 /* Debug */,
				18C2E5862A39BF7C00B6E687 /* Release */,
			);
			defaultConfigurationIsVisible = 0;
			defaultConfigurationName = Release;
		};
/* End XCConfigurationList section */

/* Begin XCRemoteSwiftPackageReference section */
		1806F3A02A509FB7004F1D7D /* XCRemoteSwiftPackageReference "LoaderUI" */ = {
			isa = XCRemoteSwiftPackageReference;
			repositoryURL = "https://github.com/ninjaprox/LoaderUI.git";
			requirement = {
				kind = upToNextMajorVersion;
				minimumVersion = 0.1.0;
			};
		};
/* End XCRemoteSwiftPackageReference section */

/* Begin XCSwiftPackageProductDependency section */
		1806F3A12A509FB7004F1D7D /* LoaderUI */ = {
			isa = XCSwiftPackageProductDependency;
			package = 1806F3A02A509FB7004F1D7D /* XCRemoteSwiftPackageReference "LoaderUI" */;
			productName = LoaderUI;
		};
/* End XCSwiftPackageProductDependency section */
	};
	rootObject = 18C2E56E2A39BF7B00B6E687 /* Project object */;
}
